# THIS IS AN AUTOGENERATED FILE. DO NOT EDIT THIS FILE DIRECTLY.
# yarn lockfile v1


puppeteer-web@^0.0.3:
  version "0.0.3"
  resolved "https://registry.yarnpkg.com/puppeteer-web/-/puppeteer-web-0.0.3.tgz#8957f8f3372d17594d372154deb280e4a133eb87"
  integrity sha512-TlPVW+g2ca5VfY18fO0AH/NGKkh8Frmg75ckzeS5AoLtbF63MYcEYk+ZSbOVA9FGarVFFsbIiZ3W3v6VdIkIyQ==
